{
  "name": "turso-vs-sqlite",
  "version": "1.0.0",
  "lockfileVersion": 3,
  "requires": true,
  "packages": {
    "": {
      "name": "turso-vs-sqlite",
      "version": "1.0.0",
      "license": "MIT",
      "dependencies": {
        "@tursodatabase/database": "^0.7.1",
        "better-sqlite3": "^13.0.1",
        "turso-next": "npm:@tursodatabase/database@^0.8.0-pre.1"
      }
    },
    "node_modules/@tursodatabase/database": {
      "version": "0.7.1",
      "resolved": "https://registry.npmjs.org/@tursodatabase/database/-/database-0.7.1.tgz",
      "integrity": "sha512-RPEkpAoxKk0aY8spsUpT0MID7AUq7CHnqHOkA0zTG546XPkP/mkkQr1ZwpUer69z4BItSaDq+OQ3XrxVOFfsHg==",
      "license": "MIT",
      "dependencies": {
        "@tursodatabase/database-common": "^0.7.1"
      },
      "optionalDependencies": {
        "@tursodatabase/database-darwin-arm64": "0.7.1",
        "@tursodatabase/database-linux-arm64-gnu": "0.7.1",
        "@tursodatabase/database-linux-x64-gnu": "0.7.1",
        "@tursodatabase/database-win32-x64-msvc": "0.7.1"
      }
    },
    "node_modules/@tursodatabase/database-common": {
      "version": "0.7.1",
      "resolved": "https://registry.npmjs.org/@tursodatabase/database-common/-/database-common-0.7.1.tgz",
      "integrity": "sha512-tyEKiRJDZSqLTbJQYhvY9Q2pGbBMwhKb8YS5T9TNOaDy1HvZMDbiypYqvtBw04f02QladUIsmpVBlsmFDb+RFA==",
      "license": "MIT"
    },
    "node_modules/@tursodatabase/database-darwin-arm64": {
      "version": "0.7.1",
      "resolved": "https://registry.npmjs.org/@tursodatabase/database-darwin-arm64/-/database-darwin-arm64-0.7.1.tgz",
      "integrity": "sha512-lTki3P+yH5GawkBL2zmc0hU7nJQ92WCiKlb3XDfRpkX6UukwmnuAZAYM0oWK5rbOzBd0plZUGdItZGjwM+lPPw==",
      "cpu": [
        "arm64"
      ],
      "license": "MIT",
      "optional": true,
      "os": [
        "darwin"
      ]
    },
    "node_modules/@tursodatabase/database-linux-arm64-gnu": {
      "version": "0.7.1",
      "resolved": "https://registry.npmjs.org/@tursodatabase/database-linux-arm64-gnu/-/database-linux-arm64-gnu-0.7.1.tgz",
      "integrity": "sha512-28dQmMUm1Nzvc2B6lRz6sbIRt5bJBVrnRdy2LpEUnYbU1aTvgLsUgfl4NQONbaaKTGzeKdxe8wONjfwkPbgsaA==",
      "cpu": [
        "arm64"
      ],
      "libc": [
        "glibc"
      ],
      "license": "MIT",
      "optional": true,
      "os": [
        "linux"
      ]
    },
    "node_modules/@tursodatabase/database-linux-x64-gnu": {
      "version": "0.7.1",
      "resolved": "https://registry.npmjs.org/@tursodatabase/database-linux-x64-gnu/-/database-linux-x64-gnu-0.7.1.tgz",
      "integrity": "sha512-8gENsVswYpwNeuRv/MQJ+aqqT0cwRaDxoaPCeST4IDfzLihl8C5qOrzqJ315pEOCquMKQNVsH8EGPmdjJd7l4g==",
      "cpu": [
        "x64"
      ],
      "libc": [
        "glibc"
      ],
      "license": "MIT",
      "optional": true,
      "os": [
        "linux"
      ]
    },
    "node_modules/@tursodatabase/database-win32-x64-msvc": {
      "version": "0.7.1",
      "resolved": "https://registry.npmjs.org/@tursodatabase/database-win32-x64-msvc/-/database-win32-x64-msvc-0.7.1.tgz",
      "integrity": "sha512-+O3k4VPTlgOvzcRfogep8Tsf6MjwZ9BAzC7QD2QAIYZUvraqcXvv+dZTgZnkRJ6XI5Fu/3ePr8a6SkqbXjhoMA==",
      "cpu": [
        "x64"
      ],
      "license": "MIT",
      "optional": true,
      "os": [
        "win32"
      ]
    },
    "node_modules/better-sqlite3": {
      "version": "13.0.1",
      "resolved": "https://registry.npmjs.org/better-sqlite3/-/better-sqlite3-13.0.1.tgz",
      "integrity": "sha512-LYpmOXdkpQYf4wmlxkdzW01XGlOXNIbjLg45yNkh0FQ4814VbK9PdOFmhZpYbej+EZtR/i3FDdhEG98HqZdgnA==",
      "hasInstallScript": true,
      "license": "MIT",
      "dependencies": {
        "node-addon-api": "^8.0.0"
      },
      "engines": {
        "node": ">=22"
      }
    },
    "node_modules/node-addon-api": {
      "version": "8.9.0",
      "resolved": "https://registry.npmjs.org/node-addon-api/-/node-addon-api-8.9.0.tgz",
      "integrity": "sha512-ekZMeaaIzSQTSpr7X2X3iJM7lTzgnx8ahAG9pJfT/7+14mlEM8ZYQ9cgCDvSSRbReFK0oHli3WrZdCiRsgAT9Q==",
      "license": "MIT",
      "engines": {
        "node": "^18 || ^20 || >= 21"
      }
    },
    "node_modules/turso-next": {
      "name": "@tursodatabase/database",
      "version": "0.8.0-pre.1",
      "resolved": "https://registry.npmjs.org/@tursodatabase/database/-/database-0.8.0-pre.1.tgz",
      "integrity": "sha512-lUwKRTRvUE69Gspz/1YV+7ZKxLGpJhv9M6894PbIxvlfomC73KY85WEpgDev4AxsQsgjHdSapsEEQUds4HWPSQ==",
      "license": "MIT",
      "dependencies": {
        "@tursodatabase/database-common": "^0.8.0-pre.1"
      },
      "optionalDependencies": {
        "@tursodatabase/database-darwin-arm64": "0.8.0-pre.1",
        "@tursodatabase/database-linux-arm64-gnu": "0.8.0-pre.1",
        "@tursodatabase/database-linux-x64-gnu": "0.8.0-pre.1",
        "@tursodatabase/database-win32-x64-msvc": "0.8.0-pre.1"
      }
    },
    "node_modules/turso-next/node_modules/@tursodatabase/database-common": {
      "version": "0.8.0-pre.1",
      "resolved": "https://registry.npmjs.org/@tursodatabase/database-common/-/database-common-0.8.0-pre.1.tgz",
      "integrity": "sha512-qSq1J0osRGojNdo0ngMkfbAWuFPL4QMgha7H8pcP3PLKSG0WKct/GkIkcMLDuz4OHsYuwdyxbmgk6GWVKrFDUQ==",
      "license": "MIT"
    },
    "node_modules/turso-next/node_modules/@tursodatabase/database-darwin-arm64": {
      "version": "0.8.0-pre.1",
      "resolved": "https://registry.npmjs.org/@tursodatabase/database-darwin-arm64/-/database-darwin-arm64-0.8.0-pre.1.tgz",
      "integrity": "sha512-ko1qhSjqngfM2Ua4h/7FrSxWnvdagGzZO9/vQ1XEnMeA03Q+1000rDeZgFTMK4iTZi+SbwKa2JtV7WbgR8ENFA==",
      "cpu": [
        "arm64"
      ],
      "license": "MIT",
      "optional": true,
      "os": [
        "darwin"
      ]
    },
    "node_modules/turso-next/node_modules/@tursodatabase/database-linux-arm64-gnu": {
      "version": "0.8.0-pre.1",
      "resolved": "https://registry.npmjs.org/@tursodatabase/database-linux-arm64-gnu/-/database-linux-arm64-gnu-0.8.0-pre.1.tgz",
      "integrity": "sha512-RDeMBvIvkMV5URjj9BRTT1tOltck9SAJ1mIPr6e3B2NFGPutRb5717cRQrNoF5jW314cI17GuEUNN+ya4NjaKQ==",
      "cpu": [
        "arm64"
      ],
      "libc": [
        "glibc"
      ],
      "license": "MIT",
      "optional": true,
      "os": [
        "linux"
      ]
    },
    "node_modules/turso-next/node_modules/@tursodatabase/database-linux-x64-gnu": {
      "version": "0.8.0-pre.1",
      "resolved": "https://registry.npmjs.org/@tursodatabase/database-linux-x64-gnu/-/database-linux-x64-gnu-0.8.0-pre.1.tgz",
      "integrity": "sha512-H806T+8GAaIN7CvS8G39nKym7et9+ry4aCtlIQbb/H+rOvR5dRPWhmfxi/H8Y7ZJxlQeDYATcMk8PMASRC4eCw==",
      "cpu": [
        "x64"
      ],
      "libc": [
        "glibc"
      ],
      "license": "MIT",
      "optional": true,
      "os": [
        "linux"
      ]
    },
    "node_modules/turso-next/node_modules/@tursodatabase/database-win32-x64-msvc": {
      "version": "0.8.0-pre.1",
      "resolved": "https://registry.npmjs.org/@tursodatabase/database-win32-x64-msvc/-/database-win32-x64-msvc-0.8.0-pre.1.tgz",
      "integrity": "sha512-B86c6MT8N6fR3pcBBeqstR9ETsWpwMNx8372zZflaknyYgMPMvzjUOKyGZTR7n1hAvZ060aMQBH5TaDQp8kp8w==",
      "cpu": [
        "x64"
      ],
      "license": "MIT",
      "optional": true,
      "os": [
        "win32"
      ]
    }
  }
}
